{
  "name": "golden-ananas",
  "version": "0.0.1",
  "lockfileVersion": 1,
  "requires": true,
  "dependencies": {
    "@dcl/crypto-utils": {
      "version": "1.0.12",
      "resolved": "https://registry.npmjs.org/@dcl/crypto-utils/-/crypto-utils-1.0.12.tgz",
      "integrity": "sha512-1FPy8ZIgXdgfjMbcDuxrKgfjL4fdgq7DrQNsmAjLZsKixr5Y0WL40yj0m71RH+LA/cnKP8dX9Js9mlQUrAwhxg==",
      "dev": true,
      "requires": {
        "decentraland-ecs": "^6.4.10",
        "decentraland-ecs-utils": "^1.1.4",
        "eth-connect": "^4.0.2"
      },
      "dependencies": {
        "decentraland-ecs": {
          "version": "6.5.0",
          "resolved": "https://registry.npmjs.org/decentraland-ecs/-/decentraland-ecs-6.5.0.tgz",
          "integrity": "sha512-xtqeHBlrhJheGzhOf6RlxnGErxOYlK7LzXpnN40Eu2SSjs4RYkk8ZKPFY8UmKbK/grK/ZCJ7qNKsghiNz9TlDA==",
          "dev": true,
          "requires": {
            "typescript": "^3.8.3",
            "uglify-js": "^3.5.2"
          }
        }
      }
    },
    "@dcl/ui-utils": {
      "version": "1.2.2",
      "resolved": "https://registry.npmjs.org/@dcl/ui-utils/-/ui-utils-1.2.2.tgz",
      "integrity": "sha512-AwUB25SwuFf3Q59AakcXFUUExg74Iw+P9pbXnzde9Wa6SMRO2EW05hhgbj/WvdxVz8fTN5FnUFujOBp29HsLIQ==",
      "dev": true,
      "requires": {
        "decentraland-ecs": "^6.5.0"
      },
      "dependencies": {
        "decentraland-ecs": {
          "version": "6.5.0",
          "resolved": "https://registry.npmjs.org/decentraland-ecs/-/decentraland-ecs-6.5.0.tgz",
          "integrity": "sha512-xtqeHBlrhJheGzhOf6RlxnGErxOYlK7LzXpnN40Eu2SSjs4RYkk8ZKPFY8UmKbK/grK/ZCJ7qNKsghiNz9TlDA==",
          "dev": true,
          "requires": {
            "typescript": "^3.8.3",
            "uglify-js": "^3.5.2"
          }
        }
      }
    },
    "decentraland": {
      "version": "3.4.5-20200907173111.commit-b837c23",
      "resolved": "https://registry.npmjs.org/decentraland/-/decentraland-3.4.5-20200907173111.commit-b837c23.tgz",
      "integrity": "sha512-aYMqEVI2F6tlumNHC1Il+y0+T7J6Q6GfFd++H/iP2exD/8o5TGnh7aHYZyoiWfMWExNSu0dO34xhK7beBSG/Aw==",
      "dev": true,
      "requires": {
        "decentraland-ecs": "^6.4.9-20200527010700.commit-85d2fbc",
        "decentraland-renderer": "^1.8.21483"
      },
      "dependencies": {
        "decentraland-ecs": {
          "version": "6.5.0",
          "resolved": "https://registry.npmjs.org/decentraland-ecs/-/decentraland-ecs-6.5.0.tgz",
          "integrity": "sha512-xtqeHBlrhJheGzhOf6RlxnGErxOYlK7LzXpnN40Eu2SSjs4RYkk8ZKPFY8UmKbK/grK/ZCJ7qNKsghiNz9TlDA==",
          "dev": true,
          "requires": {
            "typescript": "^3.8.3",
            "uglify-js": "^3.5.2"
          }
        }
      }
    },
    "decentraland-ecs": {
      "version": "6.5.1-20200908012620.commit-e7ab67e",
      "resolved": "https://registry.npmjs.org/decentraland-ecs/-/decentraland-ecs-6.5.1-20200908012620.commit-e7ab67e.tgz",
      "integrity": "sha512-J6z86LbikGn3uOsJHusOXe7yudwMlgh/UFJheLTA3Vo5ZIhdiaF9pYVOYopGrKpvi2f5wNheLnR0/HZ9GmgTPA==",
      "dev": true,
      "requires": {
        "typescript": "^3.8.3",
        "uglify-js": "^3.5.2"
      }
    },
    "decentraland-ecs-utils": {
      "version": "1.1.4",
      "resolved": "https://registry.npmjs.org/decentraland-ecs-utils/-/decentraland-ecs-utils-1.1.4.tgz",
      "integrity": "sha512-OVVvkeF7bLbE6HmA4XhsP9X2gawvsh8lwqcK49Olm8sz+3I3YtZxZk9IMdjjsPAYyX1B/08v0ZDjSZdWBIm2lw==",
      "dev": true
    },
    "decentraland-renderer": {
      "version": "1.8.33953",
      "resolved": "https://registry.npmjs.org/decentraland-renderer/-/decentraland-renderer-1.8.33953.tgz",
      "integrity": "sha512-C/cwCRTT5t6pVfKn9dctAE4rDNbZHSdmnNcAYPrz3to1mJ/XjO+TQ3n4bppULiRcylhhZgwx1rav0tG99yNawg==",
      "dev": true
    },
    "eth-connect": {
      "version": "4.0.2",
      "resolved": "https://registry.npmjs.org/eth-connect/-/eth-connect-4.0.2.tgz",
      "integrity": "sha512-ifDMf6KHhKSH2uULOYfjGN9JqyZ3WlSkhAenBNzYdfDLwelXCXzXDAx7Ta2zueOag9x8o/JstCy2Nbsrgs3kVg==",
      "dev": true
    },
    "typescript": {
      "version": "3.9.7",
      "resolved": "https://registry.npmjs.org/typescript/-/typescript-3.9.7.tgz",
      "integrity": "sha512-BLbiRkiBzAwsjut4x/dsibSTB6yWpwT5qWmC2OfuCg3GgVQCSgMs4vEctYPhsaGtd0AeuuHMkjZ2h2WG8MSzRw==",
      "dev": true
    },
    "uglify-js": {
      "version": "3.10.3",
      "resolved": "https://registry.npmjs.org/uglify-js/-/uglify-js-3.10.3.tgz",
      "integrity": "sha512-Lh00i69Uf6G74mvYpHCI9KVVXLcHW/xu79YTvH7Mkc9zyKUeSPz0owW0dguj0Scavns3ZOh3wY63J0Zb97Za2g==",
      "dev": true
    }
  }
}
